
Microsoft Visual Studio Solution File, Format Version 12.00
# Visual Studio 15
VisualStudioVersion = 15.0.27004.2008
MinimumVisualStudioVersion = 10.0.40219.1
Project("{9A19103F-16F7-4668-BE54-9A1E7A4F7556}") = "AspNetCore.Rendertron", "src\AspNetCore.Rendertron\AspNetCore.Rendertron.csproj", "{A394548F-101D-4468-B368-9DCEFBB4895B}"
EndProject
Project("{2150E333-8FDC-42A3-9474-1A3956D46DE8}") = "src", "src", "{97ABEF1C-98DB-4B52-9DDA-7F15E8DD7808}"
EndProject
Project("{2150E333-8FDC-42A3-9474-1A3956D46DE8}") = "samples", "samples", "{906E25AF-11DD-4E7D-AE23-D65665CA78B3}"
EndProject
Project("{9A19103F-16F7-4668-BE54-9A1E7A4F7556}") = "WebApplication", "samples\WebApplication\WebApplication.csproj", "{3D8EEFD0-A16A-4887-8CE2-B225741B1A09}"
EndProject
Project("{2150E333-8FDC-42A3-9474-1A3956D46DE8}") = "Rendertron", "Rendertron", "{003E7AAB-D06C-489A-8700-79B47193689B}"
	ProjectSection(SolutionItems) = preProject
		config.json = config.json
		src\Rendertron\Dockerfile = src\Rendertron\Dockerfile
	EndProjectSection
EndProject
Project("{E53339B2-1760-4266-BCC7-CA923CBCF16C}") = "docker-compose", "docker-compose.dcproj", "{4BF6793E-13DD-44D9-BAD3-FBC5AC99ED82}"
EndProject
Global
	GlobalSection(SolutionConfigurationPlatforms) = preSolution
		Debug|Any CPU = Debug|Any CPU
		Release|Any CPU = Release|Any CPU
	EndGlobalSection
	GlobalSection(ProjectConfigurationPlatforms) = postSolution
		{A394548F-101D-4468-B368-9DCEFBB4895B}.Debug|Any CPU.ActiveCfg = Debug|Any CPU
		{A394548F-101D-4468-B368-9DCEFBB4895B}.Debug|Any CPU.Build.0 = Debug|Any CPU
		{A394548F-101D-4468-B368-9DCEFBB4895B}.Release|Any CPU.ActiveCfg = Release|Any CPU
		{A394548F-101D-4468-B368-9DCEFBB4895B}.Release|Any CPU.Build.0 = Release|Any CPU
		{3D8EEFD0-A16A-4887-8CE2-B225741B1A09}.Debug|Any CPU.ActiveCfg = Debug|Any CPU
		{3D8EEFD0-A16A-4887-8CE2-B225741B1A09}.Debug|Any CPU.Build.0 = Debug|Any CPU
		{3D8EEFD0-A16A-4887-8CE2-B225741B1A09}.Release|Any CPU.ActiveCfg = Release|Any CPU
		{3D8EEFD0-A16A-4887-8CE2-B225741B1A09}.Release|Any CPU.Build.0 = Release|Any CPU
		{4BF6793E-13DD-44D9-BAD3-FBC5AC99ED82}.Debug|Any CPU.ActiveCfg = Debug|Any CPU
		{4BF6793E-13DD-44D9-BAD3-FBC5AC99ED82}.Debug|Any CPU.Build.0 = Debug|Any CPU
		{4BF6793E-13DD-44D9-BAD3-FBC5AC99ED82}.Release|Any CPU.ActiveCfg = Release|Any CPU
		{4BF6793E-13DD-44D9-BAD3-FBC5AC99ED82}.Release|Any CPU.Build.0 = Release|Any CPU
	EndGlobalSection
	GlobalSection(SolutionProperties) = preSolution
		HideSolutionNode = FALSE
	EndGlobalSection
	GlobalSection(NestedProjects) = preSolution
		{A394548F-101D-4468-B368-9DCEFBB4895B} = {97ABEF1C-98DB-4B52-9DDA-7F15E8DD7808}
		{3D8EEFD0-A16A-4887-8CE2-B225741B1A09} = {906E25AF-11DD-4E7D-AE23-D65665CA78B3}
		{003E7AAB-D06C-489A-8700-79B47193689B} = {97ABEF1C-98DB-4B52-9DDA-7F15E8DD7808}
	EndGlobalSection
	GlobalSection(ExtensibilityGlobals) = postSolution
		SolutionGuid = {0A127A48-C4C3-4B95-8056-AD0D88B594AD}
	EndGlobalSection
EndGlobal
